
Microsoft Visual Studio Solution File, Format Version 12.00
# Visual Studio Version 17
VisualStudioVersion = 17.5.33502.453
MinimumVisualStudioVersion = 10.0.40219.1
Project("{FAE04EC0-301F-11D3-BF4B-00C04F79EFBC}") = "Minesweeper", "Minesweeper\Minesweeper.csproj", "{29C3D6FC-E3DD-405B-8D44-9B53BB5C41AA}"
EndProject
Global
	GlobalSection(SolutionConfigurationPlatforms) = preSolution
		Debug|Any CPU = Debug|Any CPU
		Release|Any CPU = Release|Any CPU
	EndGlobalSection
	GlobalSection(ProjectConfigurationPlatforms) = postSolution
		{29C3D6FC-E3DD-405B-8D44-9B53BB5C41AA}.Debug|Any CPU.ActiveCfg = Debug|Any CPU
		{29C3D6FC-E3DD-405B-8D44-9B53BB5C41AA}.Debug|Any CPU.Build.0 = Debug|Any CPU
		{29C3D6FC-E3DD-405B-8D44-9B53BB5C41AA}.Release|Any CPU.ActiveCfg = Release|Any CPU
		{29C3D6FC-E3DD-405B-8D44-9B53BB5C41AA}.Release|Any CPU.Build.0 = Release|Any CPU
	EndGlobalSection
	GlobalSection(SolutionProperties) = preSolution
		HideSolutionNode = FALSE
	EndGlobalSection
	GlobalSection(ExtensibilityGlobals) = postSolution
		SolutionGuid = {B3472F61-1EC8-45F5-BB7B-88A3C509DA6F}
	EndGlobalSection
EndGlobal
